// !$*UTF8*$!
{
	archiveVersion = 1;
	classes = {
	};
	objectVersion = 46;
	objects = {

/* Begin PBXBuildFile section */
		9BA5BABA1ED48837000F60B0 /* AppDelegate.swift in Sources */ = {isa = PBXBuildFile; fileRef = 9BA5BAB91ED48837000F60B0 /* AppDelegate.swift */; };
		9BA5BABC1ED48837000F60B0 /* ViewController.swift in Sources */ = {isa = PBXBuildFile; fileRef = 9BA5BABB1ED48837000F60B0 /* ViewController.swift */; };
		9BA5BABF1ED48837000F60B0 /* Main.storyboard in Resources */ = {isa = PBXBuildFile; fileRef = 9BA5BABD1ED48837000F60B0 /* Main.storyboard */; };
		9BA5BAC21ED48837000F60B0 /* Park_SBU.xcdatamodeld in Sources */ = {isa = PBXBuildFile; fileRef = 9BA5BAC01ED48837000F60B0 /* Park_SBU.xcdatamodeld */; };
		9BA5BAC41ED48837000F60B0 /* Assets.xcassets in Resources */ = {isa = PBXBuildFile; fileRef = 9BA5BAC31ED48837000F60B0 /* Assets.xcassets */; };
		9BA5BAC71ED48837000F60B0 /* LaunchScreen.storyboard in Resources */ = {isa = PBXBuildFile; fileRef = 9BA5BAC51ED48837000F60B0 /* LaunchScreen.storyboard */; };
		9BA5BAD21ED48837000F60B0 /* Park_SBUTests.swift in Sources */ = {isa = PBXBuildFile; fileRef = 9BA5BAD11ED48837000F60B0 /* Park_SBUTests.swift */; };
		9BA5BADD1ED48837000F60B0 /* Park_SBUUITests.swift in Sources */ = {isa = PBXBuildFile; fileRef = 9BA5BADC1ED48837000F60B0 /* Park_SBUUITests.swift */; };
/* End PBXBuildFile section */

/* Begin PBXContainerItemProxy section */
		9BA5BACE1ED48837000F60B0 /* PBXContainerItemProxy */ = {
			isa = PBXContainerItemProxy;
			containerPortal = 9BA5BAAE1ED48837000F60B0 /* Project object */;
			proxyType = 1;
			remoteGlobalIDString = 9BA5BAB51ED48837000F60B0;
			remoteInfo = "Park SBU";
		};
		9BA5BAD91ED48837000F60B0 /* PBXContainerItemProxy */ = {
			isa = PBXContainerItemProxy;
			containerPortal = 9BA5BAAE1ED48837000F60B0 /* Project object */;
			proxyType = 1;
			remoteGlobalIDString = 9BA5BAB51ED48837000F60B0;
			remoteInfo = "Park SBU";
		};
/* End PBXContainerItemProxy section */

/* Begin PBXFileReference section */
		9BA5BAB61ED48837000F60B0 /* Park SBU.app */ = {isa = PBXFileReference; explicitFileType = wrapper.application; includeInIndex = 0; path = "Park SBU.app"; sourceTree = BUILT_PRODUCTS_DIR; };
		9BA5BAB91ED48837000F60B0 /* AppDelegate.swift */ = {isa = PBXFileReference; lastKnownFileType = sourcecode.swift; path = AppDelegate.swift; sourceTree = "<group>"; };
		9BA5BABB1ED48837000F60B0 /* ViewController.swift */ = {isa = PBXFileReference; lastKnownFileType = sourcecode.swift; path = ViewController.swift; sourceTree = "<group>"; };
		9BA5BABE1ED48837000F60B0 /* Base */ = {isa = PBXFileReference; lastKnownFileType = file.storyboard; name = Base; path = Base.lproj/Main.storyboard; sourceTree = "<group>"; };
		9BA5BAC11ED48837000F60B0 /* Park_SBU.xcdatamodel */ = {isa = PBXFileReference; lastKnownFileType = wrapper.xcdatamodel; path = Park_SBU.xcdatamodel; sourceTree = "<group>"; };
		9BA5BAC31ED48837000F60B0 /* Assets.xcassets */ = {isa = PBXFileReference; lastKnownFileType = folder.assetcatalog; path = Assets.xcassets; sourceTree = "<group>"; };
		9BA5BAC61ED48837000F60B0 /* Base */ = {isa = PBXFileReference; lastKnownFileType = file.storyboard; name = Base; path = Base.lproj/LaunchScreen.storyboard; sourceTree = "<group>"; };
		9BA5BAC81ED48837000F60B0 /* Info.plist */ = {isa = PBXFileReference; lastKnownFileType = text.plist.xml; path = Info.plist; sourceTree = "<group>"; };
		9BA5BACD1ED48837000F60B0 /* Park SBUTests.xctest */ = {isa = PBXFileReference; explicitFileType = wrapper.cfbundle; includeInIndex = 0; path = "Park SBUTests.xctest"; sourceTree = BUILT_PRODUCTS_DIR; };
		9BA5BAD11ED48837000F60B0 /* Park_SBUTests.swift */ = {isa = PBXFileReference; lastKnownFileType = sourcecode.swift; path = Park_SBUTests.swift; sourceTree = "<group>"; };
		9BA5BAD31ED48837000F60B0 /* Info.plist */ = {isa = PBXFileReference; lastKnownFileType = text.plist.xml; path = Info.plist; sourceTree = "<group>"; };
		9BA5BAD81ED48837000F60B0 /* Park SBUUITests.xctest */ = {isa = PBXFileReference; explicitFileType = wrapper.cfbundle; includeInIndex = 0; path = "Park SBUUITests.xctest"; sourceTree = BUILT_PRODUCTS_DIR; };
		9BA5BADC1ED48837000F60B0 /* Park_SBUUITests.swift */ = {isa = PBXFileReference; lastKnownFileType = sourcecode.swift; path = Park_SBUUITests.swift; sourceTree = "<group>"; };
		9BA5BADE1ED48837000F60B0 /* Info.plist */ = {isa = PBXFileReference; lastKnownFileType = text.plist.xml; path = Info.plist; sourceTree = "<group>"; };
/* End PBXFileReference section */

/* Begin PBXFrameworksBuildPhase section */
		9BA5BAB31ED48837000F60B0 /* Frameworks */ = {
			isa = PBXFrameworksBuildPhase;
			buildActionMask = 2147483647;
			files = (
			);
			runOnlyForDeploymentPostprocessing = 0;
		};
		9BA5BACA1ED48837000F60B0 /* Frameworks */ = {
			isa = PBXFrameworksBuildPhase;
			buildActionMask = 2147483647;
			files = (
			);
			runOnlyForDeploymentPostprocessing = 0;
		};
		9BA5BAD51ED48837000F60B0 /* Frameworks */ = {
			isa = PBXFrameworksBuildPhase;
			buildActionMask = 2147483647;
			files = (
			);
			runOnlyForDeploymentPostprocessing = 0;
		};
/* End PBXFrameworksBuildPhase section */

/* Begin PBXGroup section */
		9BA5BAAD1ED48837000F60B0 = {
			isa = PBXGroup;
			children = (
				9BA5BAB81ED48837000F60B0 /* Park SBU */,
				9BA5BAD01ED48837000F60B0 /* Park SBUTests */,
				9BA5BADB1ED48837000F60B0 /* Park SBUUITests */,
				9BA5BAB71ED48837000F60B0 /* Products */,
			);
			sourceTree = "<group>";
		};
		9BA5BAB71ED48837000F60B0 /* Products */ = {
			isa = PBXGroup;
			children = (
				9BA5BAB61ED48837000F60B0 /* Park SBU.app */,
				9BA5BACD1ED48837000F60B0 /* Park SBUTests.xctest */,
				9BA5BAD81ED48837000F60B0 /* Park SBUUITests.xctest */,
			);
			name = Products;
			sourceTree = "<group>";
		};
		9BA5BAB81ED48837000F60B0 /* Park SBU */ = {
			isa = PBXGroup;
			children = (
				9BA5BAB91ED48837000F60B0 /* AppDelegate.swift */,
				9BA5BABB1ED48837000F60B0 /* ViewController.swift */,
				9BA5BABD1ED48837000F60B0 /* Main.storyboard */,
				9BA5BAC31ED48837000F60B0 /* Assets.xcassets */,
				9BA5BAC51ED48837000F60B0 /* LaunchScreen.storyboard */,
				9BA5BAC81ED48837000F60B0 /* Info.plist */,
				9BA5BAC01ED48837000F60B0 /* Park_SBU.xcdatamodeld */,
			);
			path = "Park SBU";
			sourceTree = "<group>";
		};
		9BA5BAD01ED48837000F60B0 /* Park SBUTests */ = {
			isa = PBXGroup;
			children = (
				9BA5BAD11ED48837000F60B0 /* Park_SBUTests.swift */,
				9BA5BAD31ED48837000F60B0 /* Info.plist */,
			);
			path = "Park SBUTests";
			sourceTree = "<group>";
		};
		9BA5BADB1ED48837000F60B0 /* Park SBUUITests */ = {
			isa = PBXGroup;
			children = (
				9BA5BADC1ED48837000F60B0 /* Park_SBUUITests.swift */,
				9BA5BADE1ED48837000F60B0 /* Info.plist */,
			);
			path = "Park SBUUITests";
			sourceTree = "<group>";
		};
/* End PBXGroup section */

/* Begin PBXNativeTarget section */
		9BA5BAB51ED48837000F60B0 /* Park SBU */ = {
			isa = PBXNativeTarget;
			buildConfigurationList = 9BA5BAE11ED48837000F60B0 /* Build configuration list for PBXNativeTarget "Park SBU" */;
			buildPhases = (
				9BA5BAB21ED48837000F60B0 /* Sources */,
				9BA5BAB31ED48837000F60B0 /* Frameworks */,
				9BA5BAB41ED48837000F60B0 /* Resources */,
			);
			buildRules = (
			);
			dependencies = (
			);
			name = "Park SBU";
			productName = "Park SBU";
			productReference = 9BA5BAB61ED48837000F60B0 /* Park SBU.app */;
			productType = "com.apple.product-type.application";
		};
		9BA5BACC1ED48837000F60B0 /* Park SBUTests */ = {
			isa = PBXNativeTarget;
			buildConfigurationList = 9BA5BAE41ED48837000F60B0 /* Build configuration list for PBXNativeTarget "Park SBUTests" */;
			buildPhases = (
				9BA5BAC91ED48837000F60B0 /* Sources */,
				9BA5BACA1ED48837000F60B0 /* Frameworks */,
				9BA5BACB1ED48837000F60B0 /* Resources */,
			);
			buildRules = (
			);
			dependencies = (
				9BA5BACF1ED48837000F60B0 /* PBXTargetDependency */,
			);
			name = "Park SBUTests";
			productName = "Park SBUTests";
			productReference = 9BA5BACD1ED48837000F60B0 /* Park SBUTests.xctest */;
			productType = "com.apple.product-type.bundle.unit-test";
		};
		9BA5BAD71ED48837000F60B0 /* Park SBUUITests */ = {
			isa = PBXNativeTarget;
			buildConfigurationList = 9BA5BAE71ED48837000F60B0 /* Build configuration list for PBXNativeTarget "Park SBUUITests" */;
			buildPhases = (
				9BA5BAD41ED48837000F60B0 /* Sources */,
				9BA5BAD51ED48837000F60B0 /* Frameworks */,
				9BA5BAD61ED48837000F60B0 /* Resources */,
			);
			buildRules = (
			);
			dependencies = (
				9BA5BADA1ED48837000F60B0 /* PBXTargetDependency */,
			);
			name = "Park SBUUITests";
			productName = "Park SBUUITests";
			productReference = 9BA5BAD81ED48837000F60B0 /* Park SBUUITests.xctest */;
			productType = "com.apple.product-type.bundle.ui-testing";
		};
/* End PBXNativeTarget section */

/* Begin PBXProject section */
		9BA5BAAE1ED48837000F60B0 /* Project object */ = {
			isa = PBXProject;
			attributes = {
				LastSwiftUpdateCheck = 0800;
				LastUpgradeCheck = 0800;
				ORGANIZATIONNAME = "Zyad Gomaa";
				TargetAttributes = {
					9BA5BAB51ED48837000F60B0 = {
						CreatedOnToolsVersion = 8.0;
						ProvisioningStyle = Automatic;
					};
					9BA5BACC1ED48837000F60B0 = {
						CreatedOnToolsVersion = 8.0;
						ProvisioningStyle = Automatic;
						TestTargetID = 9BA5BAB51ED48837000F60B0;
					};
					9BA5BAD71ED48837000F60B0 = {
						CreatedOnToolsVersion = 8.0;
						ProvisioningStyle = Automatic;
						TestTargetID = 9BA5BAB51ED48837000F60B0;
					};
				};
			};
			buildConfigurationList = 9BA5BAB11ED48837000F60B0 /* Build configuration list for PBXProject "Park SBU" */;
			compatibilityVersion = "Xcode 3.2";
			developmentRegion = English;
			hasScannedForEncodings = 0;
			knownRegions = (
				en,
				Base,
			);
			mainGroup = 9BA5BAAD1ED48837000F60B0;
			productRefGroup = 9BA5BAB71ED48837000F60B0 /* Products */;
			projectDirPath = "";
			projectRoot = "";
			targets = (
				9BA5BAB51ED48837000F60B0 /* Park SBU */,
				9BA5BACC1ED48837000F60B0 /* Park SBUTests */,
				9BA5BAD71ED48837000F60B0 /* Park SBUUITests */,
			);
		};
/* End PBXProject section */

/* Begin PBXResourcesBuildPhase section */
		9BA5BAB41ED48837000F60B0 /* Resources */ = {
			isa = PBXResourcesBuildPhase;
			buildActionMask = 2147483647;
			files = (
				9BA5BAC71ED48837000F60B0 /* LaunchScreen.storyboard in Resources */,
				9BA5BAC41ED48837000F60B0 /* Assets.xcassets in Resources */,
				9BA5BABF1ED48837000F60B0 /* Main.storyboard in Resources */,
			);
			runOnlyForDeploymentPostprocessing = 0;
		};
		9BA5BACB1ED48837000F60B0 /* Resources */ = {
			isa = PBXResourcesBuildPhase;
			buildActionMask = 2147483647;
			files = (
			);
			runOnlyForDeploymentPostprocessing = 0;
		};
		9BA5BAD61ED48837000F60B0 /* Resources */ = {
			isa = PBXResourcesBuildPhase;
			buildActionMask = 2147483647;
			files = (
			);
			runOnlyForDeploymentPostprocessing = 0;
		};
/* End PBXResourcesBuildPhase section */

/* Begin PBXSourcesBuildPhase section */
		9BA5BAB21ED48837000F60B0 /* Sources */ = {
			isa = PBXSourcesBuildPhase;
			buildActionMask = 2147483647;
			files = (
				9BA5BABC1ED48837000F60B0 /* ViewController.swift in Sources */,
				9BA5BABA1ED48837000F60B0 /* AppDelegate.swift in Sources */,
				9BA5BAC21ED48837000F60B0 /* Park_SBU.xcdatamodeld in Sources */,
			);
			runOnlyForDeploymentPostprocessing = 0;
		};
		9BA5BAC91ED48837000F60B0 /* Sources */ = {
			isa = PBXSourcesBuildPhase;
			buildActionMask = 2147483647;
			files = (
				9BA5BAD21ED48837000F60B0 /* Park_SBUTests.swift in Sources */,
			);
			runOnlyForDeploymentPostprocessing = 0;
		};
		9BA5BAD41ED48837000F60B0 /* Sources */ = {
			isa = PBXSourcesBuildPhase;
			buildActionMask = 2147483647;
			files = (
				9BA5BADD1ED48837000F60B0 /* Park_SBUUITests.swift in Sources */,
			);
			runOnlyForDeploymentPostprocessing = 0;
		};
/* End PBXSourcesBuildPhase section */

/* Begin PBXTargetDependency section */
		9BA5BACF1ED48837000F60B0 /* PBXTargetDependency */ = {
			isa = PBXTargetDependency;
			target = 9BA5BAB51ED48837000F60B0 /* Park SBU */;
			targetProxy = 9BA5BACE1ED48837000F60B0 /* PBXContainerItemProxy */;
		};
		9BA5BADA1ED48837000F60B0 /* PBXTargetDependency */ = {
			isa = PBXTargetDependency;
			target = 9BA5BAB51ED48837000F60B0 /* Park SBU */;
			targetProxy = 9BA5BAD91ED48837000F60B0 /* PBXContainerItemProxy */;
		};
/* End PBXTargetDependency section */

/* Begin PBXVariantGroup section */
		9BA5BABD1ED48837000F60B0 /* Main.storyboard */ = {
			isa = PBXVariantGroup;
			children = (
				9BA5BABE1ED48837000F60B0 /* Base */,
			);
			name = Main.storyboard;
			sourceTree = "<group>";
		};
		9BA5BAC51ED48837000F60B0 /* LaunchScreen.storyboard */ = {
			isa = PBXVariantGroup;
			children = (
				9BA5BAC61ED48837000F60B0 /* Base */,
			);
			name = LaunchScreen.storyboard;
			sourceTree = "<group>";
		};
/* End PBXVariantGroup section */

/* Begin XCBuildConfiguration section */
		9BA5BADF1ED48837000F60B0 /* Debug */ = {
			isa = XCBuildConfiguration;
			buildSettings = {
				ALWAYS_SEARCH_USER_PATHS = NO;
				CLANG_ANALYZER_NONNULL = YES;
				CLANG_CXX_LANGUAGE_STANDARD = "gnu++0x";
				CLANG_CXX_LIBRARY = "libc++";
				CLANG_ENABLE_MODULES = YES;
				CLANG_ENABLE_OBJC_ARC = YES;
				CLANG_WARN_BOOL_CONVERSION = YES;
				CLANG_WARN_CONSTANT_CONVERSION = YES;
				CLANG_WARN_DIRECT_OBJC_ISA_USAGE = YES_ERROR;
				CLANG_WARN_DOCUMENTATION_COMMENTS = YES;
				CLANG_WARN_EMPTY_BODY = YES;
				CLANG_WARN_ENUM_CONVERSION = YES;
				CLANG_WARN_INFINITE_RECURSION = YES;
				CLANG_WARN_INT_CONVERSION = YES;
				CLANG_WARN_OBJC_ROOT_CLASS = YES_ERROR;
				CLANG_WARN_SUSPICIOUS_MOVES = YES;
				CLANG_WARN_UNREACHABLE_CODE = YES;
				CLANG_WARN__DUPLICATE_METHOD_MATCH = YES;
				"CODE_SIGN_IDENTITY[sdk=iphoneos*]" = "iPhone Developer";
				COPY_PHASE_STRIP = NO;
				DEBUG_INFORMATION_FORMAT = dwarf;
				ENABLE_STRICT_OBJC_MSGSEND = YES;
				ENABLE_TESTABILITY = YES;
				GCC_C_LANGUAGE_STANDARD = gnu99;
				GCC_DYNAMIC_NO_PIC = NO;
				GCC_NO_COMMON_BLOCKS = YES;
				GCC_OPTIMIZATION_LEVEL = 0;
				GCC_PREPROCESSOR_DEFINITIONS = (
					"DEBUG=1",
					"$(inherited)",
				);
				GCC_WARN_64_TO_32_BIT_CONVERSION = YES;
				GCC_WARN_ABOUT_RETURN_TYPE = YES_ERROR;
				GCC_WARN_UNDECLARED_SELECTOR = YES;
				GCC_WARN_UNINITIALIZED_AUTOS = YES_AGGRESSIVE;
				GCC_WARN_UNUSED_FUNCTION = YES;
				GCC_WARN_UNUSED_VARIABLE = YES;
				IPHONEOS_DEPLOYMENT_TARGET = 10.0;
				MTL_ENABLE_DEBUG_INFO = YES;
				ONLY_ACTIVE_ARCH = YES;
				SDKROOT = iphoneos;
				SWIFT_ACTIVE_COMPILATION_CONDITIONS = DEBUG;
				SWIFT_OPTIMIZATION_LEVEL = "-Onone";
			};
			name = Debug;
		};
		9BA5BAE01ED48837000F60B0 /* Release */ = {
			isa = XCBuildConfiguration;
			buildSettings = {
				ALWAYS_SEARCH_USER_PATHS = NO;
				CLANG_ANALYZER_NONNULL = YES;
				CLANG_CXX_LANGUAGE_STANDARD = "gnu++0x";
				CLANG_CXX_LIBRARY = "libc++";
				CLANG_ENABLE_MODULES = YES;
				CLANG_ENABLE_OBJC_ARC = YES;
				CLANG_WARN_BOOL_CONVERSION = YES;
				CLANG_WARN_CONSTANT_CONVERSION = YES;
				CLANG_WARN_DIRECT_OBJC_ISA_USAGE = YES_ERROR;
				CLANG_WARN_DOCUMENTATION_COMMENTS = YES;
				CLANG_WARN_EMPTY_BODY = YES;
				CLANG_WARN_ENUM_CONVERSION = YES;
				CLANG_WARN_INFINITE_RECURSION = YES;
				CLANG_WARN_INT_CONVERSION = YES;
				CLANG_WARN_OBJC_ROOT_CLASS = YES_ERROR;
				CLANG_WARN_SUSPICIOUS_MOVES = YES;
				CLANG_WARN_UNREACHABLE_CODE = YES;
				CLANG_WARN__DUPLICATE_METHOD_MATCH = YES;
				"CODE_SIGN_IDENTITY[sdk=iphoneos*]" = "iPhone Developer";
				COPY_PHASE_STRIP = NO;
				DEBUG_INFORMATION_FORMAT = "dwarf-with-dsym";
				ENABLE_NS_ASSERTIONS = NO;
				ENABLE_STRICT_OBJC_MSGSEND = YES;
				GCC_C_LANGUAGE_STANDARD = gnu99;
				GCC_NO_COMMON_BLOCKS = YES;
				GCC_WARN_64_TO_32_BIT_CONVERSION = YES;
				GCC_WARN_ABOUT_RETURN_TYPE = YES_ERROR;
				GCC_WARN_UNDECLARED_SELECTOR = YES;
				GCC_WARN_UNINITIALIZED_AUTOS = YES_AGGRESSIVE;
				GCC_WARN_UNUSED_FUNCTION = YES;
				GCC_WARN_UNUSED_VARIABLE = YES;
				IPHONEOS_DEPLOYMENT_TARGET = 10.0;
				MTL_ENABLE_DEBUG_INFO = NO;
				SDKROOT = iphoneos;
				SWIFT_OPTIMIZATION_LEVEL = "-Owholemodule";
				VALIDATE_PRODUCT = YES;
			};
			name = Release;
		};
		9BA5BAE21ED48837000F60B0 /* Debug */ = {
			isa = XCBuildConfiguration;
			buildSettings = {
				ASSETCATALOG_COMPILER_APPICON_NAME = AppIcon;
				INFOPLIST_FILE = "Park SBU/Info.plist";
				LD_RUNPATH_SEARCH_PATHS = "$(inherited) @executable_path/Frameworks";
				PRODUCT_BUNDLE_IDENTIFIER = "Zyad-Gomaa.Park-SBU";
				PRODUCT_NAME = "$(TARGET_NAME)";
				SWIFT_VERSION = 3.0;
			};
			name = Debug;
		};
		9BA5BAE31ED48837000F60B0 /* Release */ = {
			isa = XCBuildConfiguration;
			buildSettings = {
				ASSETCATALOG_COMPILER_APPICON_NAME = AppIcon;
				INFOPLIST_FILE = "Park SBU/Info.plist";
				LD_RUNPATH_SEARCH_PATHS = "$(inherited) @executable_path/Frameworks";
				PRODUCT_BUNDLE_IDENTIFIER = "Zyad-Gomaa.Park-SBU";
				PRODUCT_NAME = "$(TARGET_NAME)";
				SWIFT_VERSION = 3.0;
			};
			name = Release;
		};
		9BA5BAE51ED48837000F60B0 /* Debug */ = {
			isa = XCBuildConfiguration;
			buildSettings = {
				ALWAYS_EMBED_SWIFT_STANDARD_LIBRARIES = YES;
				BUNDLE_LOADER = "$(TEST_HOST)";
				INFOPLIST_FILE = "Park SBUTests/Info.plist";
				LD_RUNPATH_SEARCH_PATHS = "$(inherited) @executable_path/Frameworks @loader_path/Frameworks";
				PRODUCT_BUNDLE_IDENTIFIER = "Zyad-Gomaa.Park-SBUTests";
				PRODUCT_NAME = "$(TARGET_NAME)";
				SWIFT_VERSION = 3.0;
				TEST_HOST = "$(BUILT_PRODUCTS_DIR)/Park SBU.app/Park SBU";
			};
			name = Debug;
		};
		9BA5BAE61ED48837000F60B0 /* Release */ = {
			isa = XCBuildConfiguration;
			buildSettings = {
				ALWAYS_EMBED_SWIFT_STANDARD_LIBRARIES = YES;
				BUNDLE_LOADER = "$(TEST_HOST)";
				INFOPLIST_FILE = "Park SBUTests/Info.plist";
				LD_RUNPATH_SEARCH_PATHS = "$(inherited) @executable_path/Frameworks @loader_path/Frameworks";
				PRODUCT_BUNDLE_IDENTIFIER = "Zyad-Gomaa.Park-SBUTests";
				PRODUCT_NAME = "$(TARGET_NAME)";
				SWIFT_VERSION = 3.0;
				TEST_HOST = "$(BUILT_PRODUCTS_DIR)/Park SBU.app/Park SBU";
			};
			name = Release;
		};
		9BA5BAE81ED48837000F60B0 /* Debug */ = {
			isa = XCBuildConfiguration;
			buildSettings = {
				ALWAYS_EMBED_SWIFT_STANDARD_LIBRARIES = YES;
				INFOPLIST_FILE = "Park SBUUITests/Info.plist";
				LD_RUNPATH_SEARCH_PATHS = "$(inherited) @executable_path/Frameworks @loader_path/Frameworks";
				PRODUCT_BUNDLE_IDENTIFIER = "Zyad-Gomaa.Park-SBUUITests";
				PRODUCT_NAME = "$(TARGET_NAME)";
				SWIFT_VERSION = 3.0;
				TEST_TARGET_NAME = "Park SBU";
			};
			name = Debug;
		};
		9BA5BAE91ED48837000F60B0 /* Release */ = {
			isa = XCBuildConfiguration;
			buildSettings = {
				ALWAYS_EMBED_SWIFT_STANDARD_LIBRARIES = YES;
				INFOPLIST_FILE = "Park SBUUITests/Info.plist";
				LD_RUNPATH_SEARCH_PATHS = "$(inherited) @executable_path/Frameworks @loader_path/Frameworks";
				PRODUCT_BUNDLE_IDENTIFIER = "Zyad-Gomaa.Park-SBUUITests";
				PRODUCT_NAME = "$(TARGET_NAME)";
				SWIFT_VERSION = 3.0;
				TEST_TARGET_NAME = "Park SBU";
			};
			name = Release;
		};
/* End XCBuildConfiguration section */

/* Begin XCConfigurationList section */
		9BA5BAB11ED48837000F60B0 /* Build configuration list for PBXProject "Park SBU" */ = {
			isa = XCConfigurationList;
			buildConfigurations = (
				9BA5BADF1ED48837000F60B0 /* Debug */,
				9BA5BAE01ED48837000F60B0 /* Release */,
			);
			defaultConfigurationIsVisible = 0;
			defaultConfigurationName = Release;
		};
		9BA5BAE11ED48837000F60B0 /* Build configuration list for PBXNativeTarget "Park SBU" */ = {
			isa = XCConfigurationList;
			buildConfigurations = (
				9BA5BAE21ED48837000F60B0 /* Debug */,
				9BA5BAE31ED48837000F60B0 /* Release */,
			);
			defaultConfigurationIsVisible = 0;
		};
		9BA5BAE41ED48837000F60B0 /* Build configuration list for PBXNativeTarget "Park SBUTests" */ = {
			isa = XCConfigurationList;
			buildConfigurations = (
				9BA5BAE51ED48837000F60B0 /* Debug */,
				9BA5BAE61ED48837000F60B0 /* Release */,
			);
			defaultConfigurationIsVisible = 0;
		};
		9BA5BAE71ED48837000F60B0 /* Build configuration list for PBXNativeTarget "Park SBUUITests" */ = {
			isa = XCConfigurationList;
			buildConfigurations = (
				9BA5BAE81ED48837000F60B0 /* Debug */,
				9BA5BAE91ED48837000F60B0 /* Release */,
			);
			defaultConfigurationIsVisible = 0;
		};
/* End XCConfigurationList section */

/* Begin XCVersionGroup section */
		9BA5BAC01ED48837000F60B0 /* Park_SBU.xcdatamodeld */ = {
			isa = XCVersionGroup;
			children = (
				9BA5BAC11ED48837000F60B0 /* Park_SBU.xcdatamodel */,
			);
			currentVersion = 9BA5BAC11ED48837000F60B0 /* Park_SBU.xcdatamodel */;
			path = Park_SBU.xcdatamodeld;
			sourceTree = "<group>";
			versionGroupType = wrapper.xcdatamodel;
		};
/* End XCVersionGroup section */
	};
	rootObject = 9BA5BAAE1ED48837000F60B0 /* Project object */;
}
